
Microsoft Visual Studio Solution File, Format Version 12.00
# Visual Studio Version 16
VisualStudioVersion = 16.0.32407.337
MinimumVisualStudioVersion = 10.0.40219.1
Project("{FAE04EC0-301F-11D3-BF4B-00C04F79EFBC}") = "Conditional Statemetns", "Conditional Statemetns\Conditional Statemetns.csproj", "{0F42D336-EB52-42DA-9163-2D3A3AAE7D1D}"
EndProject
Global
	GlobalSection(SolutionConfigurationPlatforms) = preSolution
		Debug|Any CPU = Debug|Any CPU
		Release|Any CPU = Release|Any CPU
	EndGlobalSection
	GlobalSection(ProjectConfigurationPlatforms) = postSolution
		{0F42D336-EB52-42DA-9163-2D3A3AAE7D1D}.Debug|Any CPU.ActiveCfg = Debug|Any CPU
		{0F42D336-EB52-42DA-9163-2D3A3AAE7D1D}.Debug|Any CPU.Build.0 = Debug|Any CPU
		{0F42D336-EB52-42DA-9163-2D3A3AAE7D1D}.Release|Any CPU.ActiveCfg = Release|Any CPU
		{0F42D336-EB52-42DA-9163-2D3A3AAE7D1D}.Release|Any CPU.Build.0 = Release|Any CPU
	EndGlobalSection
	GlobalSection(SolutionProperties) = preSolution
		HideSolutionNode = FALSE
	EndGlobalSection
	GlobalSection(ExtensibilityGlobals) = postSolution
		SolutionGuid = {19B77BCF-BA89-4B2D-854C-C6836BD69ACE}
	EndGlobalSection
EndGlobal
