
Microsoft Visual Studio Solution File, Format Version 12.00
# Visual Studio Version 16
VisualStudioVersion = 16.0.32407.337
MinimumVisualStudioVersion = 10.0.40219.1
Project("{FAE04EC0-301F-11D3-BF4B-00C04F79EFBC}") = "MethodsandObjects", "MethodsandObjects\MethodsandObjects.csproj", "{624DB74F-D0F5-4C78-8422-518067157244}"
EndProject
Global
	GlobalSection(SolutionConfigurationPlatforms) = preSolution
		Debug|Any CPU = Debug|Any CPU
		Release|Any CPU = Release|Any CPU
	EndGlobalSection
	GlobalSection(ProjectConfigurationPlatforms) = postSolution
		{624DB74F-D0F5-4C78-8422-518067157244}.Debug|Any CPU.ActiveCfg = Debug|Any CPU
		{624DB74F-D0F5-4C78-8422-518067157244}.Debug|Any CPU.Build.0 = Debug|Any CPU
		{624DB74F-D0F5-4C78-8422-518067157244}.Release|Any CPU.ActiveCfg = Release|Any CPU
		{624DB74F-D0F5-4C78-8422-518067157244}.Release|Any CPU.Build.0 = Release|Any CPU
	EndGlobalSection
	GlobalSection(SolutionProperties) = preSolution
		HideSolutionNode = FALSE
	EndGlobalSection
	GlobalSection(ExtensibilityGlobals) = postSolution
		SolutionGuid = {9FC61CC2-2B8E-48CB-8056-13B501169225}
	EndGlobalSection
EndGlobal
