
Microsoft Visual Studio Solution File, Format Version 12.00
# Visual Studio Version 16
VisualStudioVersion = 16.0.32407.337
MinimumVisualStudioVersion = 10.0.40219.1
Project("{FAE04EC0-301F-11D3-BF4B-00C04F79EFBC}") = "ConsoleSixPartAssignment", "ConsoleSixPartAssignment\ConsoleSixPartAssignment.csproj", "{ED6792A8-E6A3-4148-A21C-017ACAFB5F0B}"
EndProject
Global
	GlobalSection(SolutionConfigurationPlatforms) = preSolution
		Debug|Any CPU = Debug|Any CPU
		Release|Any CPU = Release|Any CPU
	EndGlobalSection
	GlobalSection(ProjectConfigurationPlatforms) = postSolution
		{ED6792A8-E6A3-4148-A21C-017ACAFB5F0B}.Debug|Any CPU.ActiveCfg = Debug|Any CPU
		{ED6792A8-E6A3-4148-A21C-017ACAFB5F0B}.Debug|Any CPU.Build.0 = Debug|Any CPU
		{ED6792A8-E6A3-4148-A21C-017ACAFB5F0B}.Release|Any CPU.ActiveCfg = Release|Any CPU
		{ED6792A8-E6A3-4148-A21C-017ACAFB5F0B}.Release|Any CPU.Build.0 = Release|Any CPU
	EndGlobalSection
	GlobalSection(SolutionProperties) = preSolution
		HideSolutionNode = FALSE
	EndGlobalSection
	GlobalSection(ExtensibilityGlobals) = postSolution
		SolutionGuid = {35C9B959-A251-4A82-9D55-0F0DF0098644}
	EndGlobalSection
EndGlobal
