
Microsoft Visual Studio Solution File, Format Version 12.00
# Visual Studio Version 16
VisualStudioVersion = 16.0.32407.337
MinimumVisualStudioVersion = 10.0.40219.1
Project("{FAE04EC0-301F-11D3-BF4B-00C04F79EFBC}") = "MainMethod", "MainMethod\MainMethod.csproj", "{FB41CACB-5551-4155-BE64-E50ACACE59FC}"
EndProject
Global
	GlobalSection(SolutionConfigurationPlatforms) = preSolution
		Debug|Any CPU = Debug|Any CPU
		Release|Any CPU = Release|Any CPU
	EndGlobalSection
	GlobalSection(ProjectConfigurationPlatforms) = postSolution
		{FB41CACB-5551-4155-BE64-E50ACACE59FC}.Debug|Any CPU.ActiveCfg = Debug|Any CPU
		{FB41CACB-5551-4155-BE64-E50ACACE59FC}.Debug|Any CPU.Build.0 = Debug|Any CPU
		{FB41CACB-5551-4155-BE64-E50ACACE59FC}.Release|Any CPU.ActiveCfg = Release|Any CPU
		{FB41CACB-5551-4155-BE64-E50ACACE59FC}.Release|Any CPU.Build.0 = Release|Any CPU
	EndGlobalSection
	GlobalSection(SolutionProperties) = preSolution
		HideSolutionNode = FALSE
	EndGlobalSection
	GlobalSection(ExtensibilityGlobals) = postSolution
		SolutionGuid = {A34B543A-8365-4BAC-B57E-55B8E7BA524D}
	EndGlobalSection
EndGlobal
